# This file is autogenerated, do not edit; changes may be undone by the next 'dep ensure'.


[[projects]]
  branch = "master"
  digest = "1:6da51e5ec493ad2b44cb04129e2d0a068c8fb9bd6cb5739d199573558696bb94"
  name = "github.com/Azure/go-ansiterm"
  packages = [
    ".",
    "winterm",
  ]
  pruneopts = "UT"
  revision = "d6e3b3328b783f23731bc4d058875b0371ff8109"

[[projects]]
  digest = "1:b16fbfbcc20645cb419f78325bb2e85ec729b338e996a228124d68931a6f2a37"
  name = "github.com/BurntSushi/toml"
  packages = ["."]
  pruneopts = "UT"
  revision = "b26d9c308763d68093482582cea63d69be07a0f0"
  version = "v0.3.0"

[[projects]]
  digest = "1:adbfc2db750d6fbe0c165ad801ba2d730883a3bc40bc8fe829516eb42ed17771"
  name = "github.com/Microsoft/go-winio"
  packages = ["."]
  pruneopts = "UT"
  revision = "a6d595ae73cf27a1b8fc32930668708f45ce1c85"
  version = "v0.4.9"

[[projects]]
  branch = "master"
  digest = "1:3721a10686511b80c052323423f0de17a8c06d417dbdd3b392b1578432a33aae"
  name = "github.com/Nvveen/Gotty"
  packages = ["."]
  pruneopts = "UT"
  revision = "cd527374f1e5bff4938207604a14f2e38a9cf512"

[[projects]]
  digest = "1:d867dfa6751c8d7a435821ad3b736310c2ed68945d05b50fb9d23aee0540c8cc"
  name = "github.com/Sirupsen/logrus"
  packages = ["."]
  pruneopts = "UT"
  revision = "3e01752db0189b9157070a0e1668a620f9a85da2"
  version = "v1.0.6"

[[projects]]
  digest = "1:40261f597e43f31aaf9f8658b85c082773217943056f1be137635e769c0798c9"
  name = "github.com/apex/log"
  packages = ["."]
  pruneopts = "UT"
  revision = "0296d6eb16bb28f8a0c55668affcf4876dc269be"
  version = "v1.0.0"

[[projects]]
  digest = "1:a311d238523ce1a4df108421ba20724c643500d32f6c594df95a59e1e7ad42f6"
  name = "github.com/cloudflare/cfssl"
  packages = ["log"]
  pruneopts = "UT"
  revision = "5d63dbd981b5c408effbb58c442d54761ff94fbd"
  version = "1.3.2"

[[projects]]
  branch = "master"
  digest = "1:094079578849caae57917cbe50cd31f9b8026db2ae248febb283c32d4f31ecd3"
  name = "github.com/crackcomm/go-clitable"
  packages = ["."]
  pruneopts = "UT"
  revision = "53bcff2fea363f918b5fc960c654a5fb4b3f9950"

[[projects]]
  digest = "1:a610142f9dd8780f27c304beb5f35451c67787c228a1dfbf5a8d190c504ec167"
  name = "github.com/docker/distribution"
  packages = [
    ".",
    "context",
    "digestset",
    "reference",
    "registry/api/errcode",
    "registry/api/v2",
    "registry/client",
    "registry/client/auth",
    "registry/client/auth/challenge",
    "registry/client/transport",
    "registry/storage/cache",
    "registry/storage/cache/memory",
    "uuid",
  ]
  pruneopts = "UT"
  revision = "b38e5838b7b2f2ad48e06ec4b500011976080621"

[[projects]]
  digest = "1:746d890a5b9a7660a775f20bd44ac316faad7c15fd76bdb9b54dfd7b95792c47"
  name = "github.com/docker/docker"
  packages = [
    "api",
    "api/errors",
    "api/server/httputils",
    "api/server/middleware",
    "api/server/router",
    "api/types",
    "api/types/backend",
    "api/types/blkiodev",
    "api/types/container",
    "api/types/events",
    "api/types/filters",
    "api/types/image",
    "api/types/mount",
    "api/types/network",
    "api/types/registry",
    "api/types/strslice",
    "api/types/swarm",
    "api/types/time",
    "api/types/versions",
    "api/types/volume",
    "builder/dockerignore",
    "cli",
    "cli/command/image/build",
    "client",
    "dockerversion",
    "opts",
    "pkg/archive",
    "pkg/fileutils",
    "pkg/gitutils",
    "pkg/httputils",
    "pkg/idtools",
    "pkg/ioutils",
    "pkg/jsonlog",
    "pkg/jsonmessage",
    "pkg/longpath",
    "pkg/parsers/kernel",
    "pkg/pools",
    "pkg/progress",
    "pkg/promise",
    "pkg/random",
    "pkg/stdcopy",
    "pkg/streamformatter",
    "pkg/stringid",
    "pkg/stringutils",
    "pkg/symlink",
    "pkg/system",
    "pkg/tarsum",
    "pkg/term",
    "pkg/term/windows",
    "pkg/tlsconfig",
    "pkg/urlutil",
    "pkg/useragent",
    "registry",
    "runconfig/opts",
  ]
  pruneopts = "UT"
  revision = "90d35abf7b3535c1c319c872900fbd76374e521c"
  source = "github.com/moby/moby"
  version = "v17.05.0-ce-rc3"

[[projects]]
  digest = "1:1deed5e0f29a6b042688c22c7fb705f3cc265e82e0ec55818f32404d334ac6a9"
  name = "github.com/docker/go-connections"
  packages = [
    "nat",
    "sockets",
    "tlsconfig",
  ]
  pruneopts = "UT"
  revision = "e15c02316c12de00874640cd76311849de2aeed5"

[[projects]]
  digest = "1:6f82cacd0af5921e99bf3f46748705239b36489464f4529a1589bc895764fb18"
  name = "github.com/docker/go-units"
  packages = ["."]
  pruneopts = "UT"
  revision = "47565b4f722fb6ceae66b95f853feed578a4a51c"
  version = "v0.3.3"

[[projects]]
  branch = "master"
  digest = "1:4841e14252a2cecf11840bd05230412ad469709bbacfc12467e2ce5ad07f339b"
  name = "github.com/docker/libtrust"
  packages = ["."]
  pruneopts = "UT"
  revision = "aabc10ec26b754e797f9028f4589c5b7bd90dc20"

[[projects]]
  digest = "1:6e2899866aa32fdb63c5faa4eb7fac47341508353042c8bbdc58f4fd828140af"
  name = "github.com/docker/machine"
  packages = [
    "commands/mcndirs",
    "drivers/none",
    "libmachine/auth",
    "libmachine/cert",
    "libmachine/drivers",
    "libmachine/engine",
    "libmachine/host",
    "libmachine/log",
    "libmachine/mcndockerclient",
    "libmachine/mcnerror",
    "libmachine/mcnflag",
    "libmachine/mcnutils",
    "libmachine/persist",
    "libmachine/provision",
    "libmachine/provision/pkgaction",
    "libmachine/provision/serviceaction",
    "libmachine/ssh",
    "libmachine/state",
    "libmachine/swarm",
    "libmachine/version",
    "libmachine/versioncmp",
    "version",
  ]
  pruneopts = "UT"
  revision = "9ba6da9ebd1140b65eb73e1ce08086ca72764c60"
  version = "v0.13.0"

[[projects]]
  branch = "master"
  digest = "1:efe7dc6d12119a36c1a617b574e99ac9c5ca8fbff57eb283a60462552b7c782a"
  name = "github.com/dustin/go-jsonpointer"
  packages = ["."]
  pruneopts = "UT"
  revision = "ba0abeacc3dcca5b9b20f31509c46794edbc9965"

[[projects]]
  branch = "master"
  digest = "1:07263fbfa1c038e890b410f730279aa7adc217180f1c2f78c6dc80b3bbe9e819"
  name = "github.com/dustin/gojson"
  packages = ["."]
  pruneopts = "UT"
  revision = "2e71ec9dd5adce3b168cd0dbde03b5cc04951c30"

[[projects]]
  digest = "1:ca82a3b99694824c627573c2a76d0e49719b4a9c02d1d85a2ac91f1c1f52ab9b"
  name = "github.com/fatih/structs"
  packages = ["."]
  pruneopts = "UT"
  revision = "a720dfa8df582c51dee1b36feabb906bde1588bd"
  version = "v1.0"

[[projects]]
  digest = "1:abeb38ade3f32a92943e5be54f55ed6d6e3b6602761d74b4aab4c9dd45c18abd"
  name = "github.com/fsnotify/fsnotify"
  packages = ["."]
  pruneopts = "UT"
  revision = "c2828203cd70a50dcccfb2761f8b1f8ceef9a8e9"
  version = "v1.4.7"

[[projects]]
  digest = "1:17fe264ee908afc795734e8c4e63db2accabaf57326dbf21763a7d6b86096260"
  name = "github.com/golang/protobuf"
  packages = [
    "proto",
    "ptypes",
    "ptypes/any",
    "ptypes/duration",
    "ptypes/timestamp",
  ]
  pruneopts = "UT"
  revision = "b4deda0973fb4c70b50d226b1af49f3da59f5265"
  version = "v1.1.0"

[[projects]]
  digest = "1:c79fb010be38a59d657c48c6ba1d003a8aa651fa56b579d959d74573b7dff8e1"
  name = "github.com/gorilla/context"
  packages = ["."]
  pruneopts = "UT"
  revision = "08b5f424b9271eedf6f9f0ce86cb9396ed337a42"
  version = "v1.1.1"

[[projects]]
  digest = "1:e73f5b0152105f18bc131fba127d9949305c8693f8a762588a82a48f61756f5f"
  name = "github.com/gorilla/mux"
  packages = ["."]
  pruneopts = "UT"
  revision = "e3702bed27f0d39777b0b37b664b6280e8ef8fbf"
  version = "v1.6.2"

[[projects]]
  branch = "master"
  digest = "1:a361611b8c8c75a1091f00027767f7779b29cb37c456a71b8f2604c88057ab40"
  name = "github.com/hashicorp/hcl"
  packages = [
    ".",
    "hcl/ast",
    "hcl/parser",
    "hcl/printer",
    "hcl/scanner",
    "hcl/strconv",
    "hcl/token",
    "json/parser",
    "json/scanner",
    "json/token",
  ]
  pruneopts = "UT"
  revision = "ef8a98b0bbce4a65b5aa4c368430a80ddc533168"

[[projects]]
  digest = "1:870d441fe217b8e689d7949fef6e43efbc787e50f200cb1e70dbca9204a1d6be"
  name = "github.com/inconshreveable/mousetrap"
  packages = ["."]
  pruneopts = "UT"
  revision = "76626ae9c91c4f2a10f34cad8ce83ea42c93bb75"
  version = "v1.0"

[[projects]]
  digest = "1:04e8f6d20cf7698f692a628ceb3bca318cfeae601c91b2ce925126f67848c478"
  name = "github.com/jordan-wright/email"
  packages = ["."]
  pruneopts = "UT"
  revision = "94ae17dedda217a49e3b47d68f1b54b3c946e16b"
  version = "v3.0"

[[projects]]
  digest = "1:c568d7727aa262c32bdf8a3f7db83614f7af0ed661474b24588de635c20024c7"
  name = "github.com/magiconair/properties"
  packages = ["."]
  pruneopts = "UT"
  revision = "c2353362d570a7bfa228149c62842019201cfb71"
  version = "v1.8.0"

[[projects]]
  branch = "master"
  digest = "1:4429b79947e9af3ccf562cdde4ca61934c7e229726a5afd6527151a91f636a5d"
  name = "github.com/mailru/easyjson"
  packages = [
    ".",
    "buffer",
    "jlexer",
    "jwriter",
  ]
  pruneopts = "UT"
  revision = "d5012789d6659eeed305f54c1b1542e7b65829e6"

[[projects]]
  branch = "master"
  digest = "1:86240a19b39e661eaf6fe0f4e5d1b687d26be4a35a3f73a6649fe0813e24c6fc"
  name = "github.com/malice-plugins/go-plugin-utils"
  packages = ["database"]
  pruneopts = "UT"
  revision = "4aca82f951321de6f99b51717f248deb9851ee0d"

[[projects]]
  branch = "master"
  digest = "1:e8f9ccb874c1d7fd26552b07aaee7e1f9ec2003b9d96528301424b137a2a9897"
  name = "github.com/maliceio/go-plugin-utils"
  packages = [
    "database/elasticsearch",
    "utils",
  ]
  pruneopts = "UT"
  revision = "4aca82f951321de6f99b51717f248deb9851ee0d"

[[projects]]
  digest = "1:e2d1d410fb367567c2b53ed9e2d719d3c1f0891397bb2fa49afd747cfbf1e8e4"
  name = "github.com/mattn/go-runewidth"
  packages = ["."]
  pruneopts = "UT"
  revision = "9e777a8366cce605130a531d2cd6363d07ad7317"
  version = "v0.0.2"

[[projects]]
  digest = "1:7efe48dea4db6b35dcc15e15394b627247e5b3fb814242de986b746ba8e0abf0"
  name = "github.com/mattn/go-shellwords"
  packages = ["."]
  pruneopts = "UT"
  revision = "02e3cf038dcea8290e44424da473dd12be796a8a"
  version = "v1.0.3"

[[projects]]
  branch = "master"
  digest = "1:5ab79470a1d0fb19b041a624415612f8236b3c06070161a910562f2b2d064355"
  name = "github.com/mitchellh/mapstructure"
  packages = ["."]
  pruneopts = "UT"
  revision = "f15292f7a699fcc1a38a80977f80a046874ba8ac"

[[projects]]
  branch = "master"
  digest = "1:7aefb397a53fc437c90f0fdb3e1419c751c5a3a165ced52325d5d797edf1aca6"
  name = "github.com/moul/http2curl"
  packages = ["."]
  pruneopts = "UT"
  revision = "9ac6cf4d929b2fa8fd2d2e6dec5bb0feb4f4911d"

[[projects]]
  digest = "1:d2997d9a773171df32642730331692fdf3f98fc51911067b708f92cfdc55708b"
  name = "github.com/olivere/elastic"
  packages = [
    ".",
    "config",
    "uritemplates",
  ]
  pruneopts = "UT"
  revision = "e1da71ef4bb6941f2051f5cc1c4d3e56b1978cf3"
  version = "v6.1.26"

[[projects]]
  digest = "1:ee4d4af67d93cc7644157882329023ce9a7bcfce956a079069a9405521c7cc8d"
  name = "github.com/opencontainers/go-digest"
  packages = ["."]
  pruneopts = "UT"
  revision = "279bed98673dd5bef374d3b6e4b09e2af76183bf"
  version = "v1.0.0-rc1"

[[projects]]
  digest = "1:1869683e323ebff2bdf8adcb560f82bf6f8d94019d35099e3403f7df12e9c07e"
  name = "github.com/opencontainers/runc"
  packages = [
    "libcontainer/system",
    "libcontainer/user",
  ]
  pruneopts = "UT"
  revision = "baf6536d6259209c3edfa2b22237af82942d3dfa"
  version = "v0.1.1"

[[projects]]
  digest = "1:d776f3e95774a8719f2e57fabbbb33103035fe072dcf6f1864f33abd17b753e5"
  name = "github.com/parnurzeal/gorequest"
  packages = ["."]
  pruneopts = "UT"
  revision = "a578a48e8d6ca8b01a3b18314c43c6716bb5f5a3"
  version = "v0.2.15"

[[projects]]
  digest = "1:95741de3af260a92cc5c7f3f3061e85273f5a81b5db20d4bd68da74bd521675e"
  name = "github.com/pelletier/go-toml"
  packages = ["."]
  pruneopts = "UT"
  revision = "c01d1270ff3e442a8a57cddc1c92dc1138598194"
  version = "v1.2.0"

[[projects]]
  digest = "1:40e195917a951a8bf867cd05de2a46aaf1806c50cf92eebf4c16f78cd196f747"
  name = "github.com/pkg/errors"
  packages = ["."]
  pruneopts = "UT"
  revision = "645ef00459ed84a119197bfb8d8205042c6df63d"
  version = "v0.8.0"

[[projects]]
  branch = "master"
  digest = "1:5adb2195a5ccb6b7a33fe14aa925ef619b28f2f4280d9fc9b07cf3bbc5f51a0c"
  name = "github.com/samalba/dockerclient"
  packages = ["."]
  pruneopts = "UT"
  revision = "a3036261847103270e9f732509f43b5f98710ace"

[[projects]]
  digest = "1:bd1ae00087d17c5a748660b8e89e1043e1e5479d0fea743352cda2f8dd8c4f84"
  name = "github.com/spf13/afero"
  packages = [
    ".",
    "mem",
  ]
  pruneopts = "UT"
  revision = "787d034dfe70e44075ccc060d346146ef53270ad"
  version = "v1.1.1"

[[projects]]
  digest = "1:516e71bed754268937f57d4ecb190e01958452336fa73dbac880894164e91c1f"
  name = "github.com/spf13/cast"
  packages = ["."]
  pruneopts = "UT"
  revision = "8965335b8c7107321228e3e3702cab9832751bac"
  version = "v1.2.0"

[[projects]]
  digest = "1:645cabccbb4fa8aab25a956cbcbdf6a6845ca736b2c64e197ca7cbb9d210b939"
  name = "github.com/spf13/cobra"
  packages = ["."]
  pruneopts = "UT"
  revision = "ef82de70bb3f60c65fb8eebacbb2d122ef517385"
  version = "v0.0.3"

[[projects]]
  branch = "master"
  digest = "1:080e5f630945ad754f4b920e60b4d3095ba0237ebf88dc462eb28002932e3805"
  name = "github.com/spf13/jwalterweatherman"
  packages = ["."]
  pruneopts = "UT"
  revision = "7c0cea34c8ece3fbeb2b27ab9b59511d360fb394"

[[projects]]
  digest = "1:9424f440bba8f7508b69414634aef3b2b3a877e522d8a4624692412805407bb7"
  name = "github.com/spf13/pflag"
  packages = ["."]
  pruneopts = "UT"
  revision = "583c0c0531f06d5278b7d917446061adc344b5cd"
  version = "v1.0.1"

[[projects]]
  digest = "1:59e7dceb53b4a1e57eb1eb0bf9951ff0c25912df7660004a789b62b4e8cdca3b"
  name = "github.com/spf13/viper"
  packages = ["."]
  pruneopts = "UT"
  revision = "b5e8006cbee93ec955a89ab31e0e3ce3204f3736"
  version = "v1.0.2"

[[projects]]
  digest = "1:b24d38b282bacf9791408a080f606370efa3d364e4b5fd9ba0f7b87786d3b679"
  name = "github.com/urfave/cli"
  packages = ["."]
  pruneopts = "UT"
  revision = "cfb38830724cc34fedffe9a2a29fb54fa9169cd1"
  version = "v1.20.0"

[[projects]]
  branch = "master"
  digest = "1:014ee502e4880ffba2a0103cefa6af78cf8767ce08bc29376e6b86cdcaa2ec06"
  name = "golang.org/x/crypto"
  packages = [
    "curve25519",
    "ed25519",
    "ed25519/internal/edwards25519",
    "internal/chacha20",
    "internal/subtle",
    "poly1305",
    "ssh",
    "ssh/terminal",
  ]
  pruneopts = "UT"
  revision = "c126467f60eb25f8f27e5a981f32a87e3965053f"

[[projects]]
  branch = "master"
  digest = "1:47b26883cbe1404cded9152f3c11746aac77da37aa7d812e9b4e066abd22bd74"
  name = "golang.org/x/net"
  packages = [
    "context",
    "context/ctxhttp",
    "http/httpguts",
    "http2",
    "http2/hpack",
    "idna",
    "internal/socks",
    "internal/timeseries",
    "proxy",
    "publicsuffix",
    "trace",
  ]
  pruneopts = "UT"
  revision = "3673e40ba22529d22c3fd7c93e97b0ce50fa7bdd"

[[projects]]
  branch = "master"
  digest = "1:8742e6e73627b2877c3f723bc1823d5667ec59011242480309dc90fa862512aa"
  name = "golang.org/x/sys"
  packages = [
    "unix",
    "windows",
  ]
  pruneopts = "UT"
  revision = "bd9dbc187b6e1dacfdd2722a87e83093c2d7bd6e"

[[projects]]
  digest = "1:a2ab62866c75542dd18d2b069fec854577a20211d7c0ea6ae746072a1dccdd18"
  name = "golang.org/x/text"
  packages = [
    "collate",
    "collate/build",
    "internal/colltab",
    "internal/gen",
    "internal/tag",
    "internal/triegen",
    "internal/ucd",
    "language",
    "secure/bidirule",
    "transform",
    "unicode/bidi",
    "unicode/cldr",
    "unicode/norm",
    "unicode/rangetable",
  ]
  pruneopts = "UT"
  revision = "f21a4dfb5e38f5895301dc265a8def02365cc3d0"
  version = "v0.3.0"

[[projects]]
  branch = "master"
  digest = "1:c9e7a4b4d47c0ed205d257648b0e5b0440880cb728506e318f8ac7cd36270bc4"
  name = "golang.org/x/time"
  packages = ["rate"]
  pruneopts = "UT"
  revision = "fbb02b2291d28baffd63558aa44b4b56f178d650"

[[projects]]
  branch = "master"
  digest = "1:077c1c599507b3b3e9156d17d36e1e61928ee9b53a5b420f10f28ebd4a0b275c"
  name = "google.golang.org/genproto"
  packages = ["googleapis/rpc/status"]
  pruneopts = "UT"
  revision = "2a72893556e4d1f6c795a4c039314c9fa751eedb"

[[projects]]
  digest = "1:2dab32a43451e320e49608ff4542fdfc653c95dcc35d0065ec9c6c3dd540ed74"
  name = "google.golang.org/grpc"
  packages = [
    ".",
    "balancer",
    "balancer/base",
    "balancer/roundrobin",
    "codes",
    "connectivity",
    "credentials",
    "encoding",
    "encoding/proto",
    "grpclog",
    "internal",
    "internal/backoff",
    "internal/channelz",
    "internal/grpcrand",
    "keepalive",
    "metadata",
    "naming",
    "peer",
    "resolver",
    "resolver/dns",
    "resolver/passthrough",
    "stats",
    "status",
    "tap",
    "transport",
  ]
  pruneopts = "UT"
  revision = "168a6198bcb0ef175f7dacec0b8691fc141dc9b8"
  version = "v1.13.0"

[[projects]]
  digest = "1:c805e517269b0ba4c21ded5836019ed7d16953d4026cb7d00041d039c7906be9"
  name = "gopkg.in/natefinch/lumberjack.v2"
  packages = ["."]
  pruneopts = "UT"
  revision = "a96e63847dc3c67d17befa69c303767e2f84e54f"
  version = "v2.1"

[[projects]]
  digest = "1:342378ac4dcb378a5448dd723f0784ae519383532f5e70ade24132c4c8693202"
  name = "gopkg.in/yaml.v2"
  packages = ["."]
  pruneopts = "UT"
  revision = "5420a8b6744d3b0345ab293f6fcba19c978f1183"
  version = "v2.2.1"

[solve-meta]
  analyzer-name = "dep"
  analyzer-version = 1
  input-imports = [
    "github.com/BurntSushi/toml",
    "github.com/Sirupsen/logrus",
    "github.com/apex/log",
    "github.com/cloudflare/cfssl/log",
    "github.com/crackcomm/go-clitable",
    "github.com/docker/distribution/reference",
    "github.com/docker/docker/api",
    "github.com/docker/docker/api/errors",
    "github.com/docker/docker/api/server/httputils",
    "github.com/docker/docker/api/server/middleware",
    "github.com/docker/docker/api/server/router",
    "github.com/docker/docker/api/types",
    "github.com/docker/docker/api/types/container",
    "github.com/docker/docker/api/types/events",
    "github.com/docker/docker/api/types/filters",
    "github.com/docker/docker/api/types/network",
    "github.com/docker/docker/api/types/registry",
    "github.com/docker/docker/api/types/strslice",
    "github.com/docker/docker/api/types/versions",
    "github.com/docker/docker/api/types/volume",
    "github.com/docker/docker/builder/dockerignore",
    "github.com/docker/docker/cli",
    "github.com/docker/docker/cli/command/image/build",
    "github.com/docker/docker/client",
    "github.com/docker/docker/dockerversion",
    "github.com/docker/docker/pkg/archive",
    "github.com/docker/docker/pkg/fileutils",
    "github.com/docker/docker/pkg/jsonmessage",
    "github.com/docker/docker/pkg/progress",
    "github.com/docker/docker/pkg/stdcopy",
    "github.com/docker/docker/pkg/streamformatter",
    "github.com/docker/docker/pkg/stringutils",
    "github.com/docker/docker/pkg/system",
    "github.com/docker/docker/pkg/urlutil",
    "github.com/docker/docker/registry",
    "github.com/docker/docker/runconfig/opts",
    "github.com/docker/go-connections/nat",
    "github.com/docker/go-units",
    "github.com/docker/machine/libmachine/drivers",
    "github.com/docker/machine/libmachine/host",
    "github.com/docker/machine/libmachine/log",
    "github.com/docker/machine/libmachine/mcnerror",
    "github.com/docker/machine/libmachine/mcnflag",
    "github.com/docker/machine/libmachine/persist",
    "github.com/docker/machine/libmachine/ssh",
    "github.com/docker/machine/libmachine/state",
    "github.com/dustin/go-jsonpointer",
    "github.com/fatih/structs",
    "github.com/fsnotify/fsnotify",
    "github.com/gorilla/mux",
    "github.com/jordan-wright/email",
    "github.com/maliceio/go-plugin-utils/database/elasticsearch",
    "github.com/maliceio/go-plugin-utils/utils",
    "github.com/mattn/go-runewidth",
    "github.com/parnurzeal/gorequest",
    "github.com/pkg/errors",
    "github.com/spf13/cobra",
    "github.com/spf13/viper",
    "github.com/urfave/cli",
    "golang.org/x/net/context",
    "gopkg.in/natefinch/lumberjack.v2",
  ]
  solver-name = "gps-cdcl"
  solver-version = 1
