# This file is autogenerated, do not edit; changes may be undone by the next 'dep ensure'.


[[projects]]
  branch = "master"
  name = "github.com/apex/log"
  packages = [".","handlers/es","handlers/multi","handlers/text"]
  revision = "8f3a15d95392c8fc202d1e1059f46df21dff2992"

[[projects]]
  name = "github.com/appleboy/gin-jwt"
  packages = ["."]
  revision = "f7347d7c16fc8297bf5b7215b9e4847a5ca05d90"
  version = "v2.3.1"

[[projects]]
  branch = "master"
  name = "github.com/fvbock/endless"
  packages = ["."]
  revision = "447134032cb6a86814f570257390a379982dfc61"

[[projects]]
  name = "github.com/gin-gonic/gin"
  packages = [".","binding","render"]
  revision = "e2212d40c62a98b388a5eb48ecbdcf88534688ba"
  version = "v1.1.4"

[[projects]]
  branch = "master"
  name = "github.com/golang/protobuf"
  packages = ["proto"]
  revision = "6a1fa9404c0aebf36c879bc50152edcc953910d2"

[[projects]]
  branch = "master"
  name = "github.com/manucorporat/sse"
  packages = ["."]
  revision = "ee05b128a739a0fb76c7ebd3ae4810c1de808d6d"

[[projects]]
  name = "github.com/mattn/go-isatty"
  packages = ["."]
  revision = "fc9e8d8ef48496124e79ae0df75490096eccf6fe"
  version = "v0.0.2"

[[projects]]
  name = "github.com/pkg/errors"
  packages = ["."]
  revision = "645ef00459ed84a119197bfb8d8205042c6df63d"
  version = "v0.8.0"

[[projects]]
  branch = "master"
  name = "github.com/smartystreets/go-aws-auth"
  packages = ["."]
  revision = "8ef1316913ee4f44bc48c2456e44a5c1c68ea53b"

[[projects]]
  branch = "master"
  name = "github.com/tj/go-elastic"
  packages = [".","aliases","batch"]
  revision = "9a9a2a21e071e6e38f236740c3b650e7316ae67e"

[[projects]]
  branch = "master"
  name = "golang.org/x/net"
  packages = ["context"]
  revision = "5f8847ae0d0e90b6a9dc8148e7ad616874625171"

[[projects]]
  branch = "master"
  name = "golang.org/x/sys"
  packages = ["unix"]
  revision = "c23410a886927bab8ca5e80b08af6a56faeb330d"

[[projects]]
  name = "gopkg.in/dgrijalva/jwt-go.v3"
  packages = ["."]
  revision = "d2709f9f1f31ebcda9651b03077758c1f3a0018c"
  version = "v3.0.0"

[[projects]]
  name = "gopkg.in/go-playground/validator.v8"
  packages = ["."]
  revision = "5f57d2222ad794d0dffb07e664ea05e2ee07d60c"
  version = "v8.18.1"

[[projects]]
  branch = "v2"
  name = "gopkg.in/yaml.v2"
  packages = ["."]
  revision = "cd8b52f8269e0feb286dfeef29f8fe4d5b397e0b"

[solve-meta]
  analyzer-name = "dep"
  analyzer-version = 1
  inputs-digest = "6af09a72749aadc72f2b4e4140877a3b516fc485d0c1392200725e8db97c3a22"
  solver-name = "gps-cdcl"
  solver-version = 1
